
Microsoft Visual Studio Solution File, Format Version 12.00
# Visual Studio Version 17
VisualStudioVersion = 17.6.33829.357
MinimumVisualStudioVersion = 10.0.40219.1
Project("{FAE04EC0-301F-11D3-BF4B-00C04F79EFBC}") = "LabManagement", "LabManagement\LabManagement.csproj", "{10FF3B5D-992F-438D-9F97-AF731E5A0AED}"
EndProject
Global
	GlobalSection(SolutionConfigurationPlatforms) = preSolution
		Debug|Any CPU = Debug|Any CPU
		Release|Any CPU = Release|Any CPU
	EndGlobalSection
	GlobalSection(ProjectConfigurationPlatforms) = postSolution
		{10FF3B5D-992F-438D-9F97-AF731E5A0AED}.Debug|Any CPU.ActiveCfg = Debug|Any CPU
		{10FF3B5D-992F-438D-9F97-AF731E5A0AED}.Debug|Any CPU.Build.0 = Debug|Any CPU
		{10FF3B5D-992F-438D-9F97-AF731E5A0AED}.Release|Any CPU.ActiveCfg = Release|Any CPU
		{10FF3B5D-992F-438D-9F97-AF731E5A0AED}.Release|Any CPU.Build.0 = Release|Any CPU
	EndGlobalSection
	GlobalSection(SolutionProperties) = preSolution
		HideSolutionNode = FALSE
	EndGlobalSection
	GlobalSection(ExtensibilityGlobals) = postSolution
		SolutionGuid = {CEA79F29-B7BC-4D55-A11A-9B16C650229F}
	EndGlobalSection
EndGlobal
